
Microsoft Visual Studio Solution File, Format Version 12.00
# Visual Studio 15
VisualStudioVersion = 15.0.28307.1082
MinimumVisualStudioVersion = 10.0.40219.1
Project("{9A19103F-16F7-4668-BE54-9A1E7A4F7556}") = "PizzaStore", "PizzaStore\PizzaStore.csproj", "{4DA53F21-6594-4861-97CD-6F5773FD0F6A}"
EndProject
Global
	GlobalSection(SolutionConfigurationPlatforms) = preSolution
		Debug|Any CPU = Debug|Any CPU
		Release|Any CPU = Release|Any CPU
	EndGlobalSection
	GlobalSection(ProjectConfigurationPlatforms) = postSolution
		{4DA53F21-6594-4861-97CD-6F5773FD0F6A}.Debug|Any CPU.ActiveCfg = Debug|Any CPU
		{4DA53F21-6594-4861-97CD-6F5773FD0F6A}.Debug|Any CPU.Build.0 = Debug|Any CPU
		{4DA53F21-6594-4861-97CD-6F5773FD0F6A}.Release|Any CPU.ActiveCfg = Release|Any CPU
		{4DA53F21-6594-4861-97CD-6F5773FD0F6A}.Release|Any CPU.Build.0 = Release|Any CPU
	EndGlobalSection
	GlobalSection(SolutionProperties) = preSolution
		HideSolutionNode = FALSE
	EndGlobalSection
	GlobalSection(ExtensibilityGlobals) = postSolution
		SolutionGuid = {ED83FDCD-4563-4DAF-A305-D134F5F8CFF1}
	EndGlobalSection
EndGlobal
